# THIS IS AN AUTOGENERATED FILE. DO NOT EDIT THIS FILE DIRECTLY.
# yarn lockfile v1


daemon@>=0.3.0:
  version "1.1.0"
  resolved "https://registry.yarnpkg.com/daemon/-/daemon-1.1.0.tgz#6c5102c81db0be856fc9008fc2c935b398864ae8"
  integrity sha1-bFECyB2wvoVvyQCPwsk1s5iGSug=

service@^0.1.4:
  version "0.1.4"
  resolved "https://registry.yarnpkg.com/service/-/service-0.1.4.tgz#d0ab9ffbc2b9d5875af8b01dec36339784525b44"
  integrity sha1-0Kuf+8K51Yda+LAd7DYzl4RSW0Q=
  dependencies:
    daemon ">=0.3.0"
